// !$*UTF8*$!
{
	archiveVersion = 1;
	classes = {
	};
	objectVersion = 50;
	objects = {

/* Begin PBXBuildFile section */
		3F512B3C21D3685900C14E8F /* UIView+Extensions.swift in Sources */ = {isa = PBXBuildFile; fileRef = 3F512B3B21D3685900C14E8F /* UIView+Extensions.swift */; };
		3F512B3F21D368C800C14E8F /* F.swift in Sources */ = {isa = PBXBuildFile; fileRef = 3F512B3E21D368C800C14E8F /* F.swift */; };
		3F513CED21D374F300C14E8F /* Optional+Extensions.swift in Sources */ = {isa = PBXBuildFile; fileRef = 3F513CEC21D374F300C14E8F /* Optional+Extensions.swift */; };
		3F5D4FC721D60946003C4326 /* Weak.swift in Sources */ = {isa = PBXBuildFile; fileRef = 3F5D4FBC21D60945003C4326 /* Weak.swift */; };
		3F5D4FC821D60946003C4326 /* Queue.swift in Sources */ = {isa = PBXBuildFile; fileRef = 3F5D4FBD21D60946003C4326 /* Queue.swift */; };
		3F5D4FC921D60946003C4326 /* ObservableObject.Observers.swift in Sources */ = {isa = PBXBuildFile; fileRef = 3F5D4FBF21D60946003C4326 /* ObservableObject.Observers.swift */; };
		3F5D4FCA21D60946003C4326 /* ObservableObject.swift in Sources */ = {isa = PBXBuildFile; fileRef = 3F5D4FC021D60946003C4326 /* ObservableObject.swift */; };
		3F5D4FCB21D60946003C4326 /* ObservableObject.Observer.swift in Sources */ = {isa = PBXBuildFile; fileRef = 3F5D4FC121D60946003C4326 /* ObservableObject.Observer.swift */; };
		3F5D4FCC21D60946003C4326 /* CancellableProperty.swift in Sources */ = {isa = PBXBuildFile; fileRef = 3F5D4FC321D60946003C4326 /* CancellableProperty.swift */; };
		3F5D4FCD21D60946003C4326 /* CompositCancellableProperty.swift in Sources */ = {isa = PBXBuildFile; fileRef = 3F5D4FC421D60946003C4326 /* CompositCancellableProperty.swift */; };
		3F5D4FCE21D60946003C4326 /* AbstractCancellableProperty.swift in Sources */ = {isa = PBXBuildFile; fileRef = 3F5D4FC521D60946003C4326 /* AbstractCancellableProperty.swift */; };
		3F5D4FCF21D60946003C4326 /* Atomic.swift in Sources */ = {isa = PBXBuildFile; fileRef = 3F5D4FC621D60946003C4326 /* Atomic.swift */; };
		3F5D4FD821D60A54003C4326 /* Timer+Extensions.swift in Sources */ = {isa = PBXBuildFile; fileRef = 3F5D4FD221D60A54003C4326 /* Timer+Extensions.swift */; };
		3F5D4FD921D60A54003C4326 /* Strideable+Extensions.swift in Sources */ = {isa = PBXBuildFile; fileRef = 3F5D4FD321D60A54003C4326 /* Strideable+Extensions.swift */; };
		3F5D4FDA21D60A54003C4326 /* DispatchTime+Extensions.swift in Sources */ = {isa = PBXBuildFile; fileRef = 3F5D4FD421D60A54003C4326 /* DispatchTime+Extensions.swift */; };
		3F5D4FDB21D60A54003C4326 /* NSLocking+Extensions.swift in Sources */ = {isa = PBXBuildFile; fileRef = 3F5D4FD521D60A54003C4326 /* NSLocking+Extensions.swift */; };
		3F5D4FDC21D60A54003C4326 /* DispatchQueue+Extensions.swift in Sources */ = {isa = PBXBuildFile; fileRef = 3F5D4FD621D60A54003C4326 /* DispatchQueue+Extensions.swift */; };
		3F5D4FDD21D60A54003C4326 /* RangeReplaceableCollection+Extension.swift in Sources */ = {isa = PBXBuildFile; fileRef = 3F5D4FD721D60A54003C4326 /* RangeReplaceableCollection+Extension.swift */; };
		3F5D4FE121D60BF2003C4326 /* Weakifiable.swift in Sources */ = {isa = PBXBuildFile; fileRef = 3F5D4FDF21D60BF2003C4326 /* Weakifiable.swift */; };
		3F5D4FE221D60BF2003C4326 /* Cancellable.swift in Sources */ = {isa = PBXBuildFile; fileRef = 3F5D4FE021D60BF2003C4326 /* Cancellable.swift */; };
		3F5D4FE421D61BD2003C4326 /* CGRect+Extensions.swift in Sources */ = {isa = PBXBuildFile; fileRef = 3F5D4FE321D61BD2003C4326 /* CGRect+Extensions.swift */; };
		3F5D4FE621D62136003C4326 /* RootViewRepresentable.swift in Sources */ = {isa = PBXBuildFile; fileRef = 3F5D4FE521D62136003C4326 /* RootViewRepresentable.swift */; };
		3FD3152621D2736B00143981 /* AppDelegate.swift in Sources */ = {isa = PBXBuildFile; fileRef = 3FD3152521D2736B00143981 /* AppDelegate.swift */; };
		3FD3152D21D2736C00143981 /* Assets.xcassets in Resources */ = {isa = PBXBuildFile; fileRef = 3FD3152C21D2736C00143981 /* Assets.xcassets */; };
		3FD3153021D2736C00143981 /* LaunchScreen.storyboard in Resources */ = {isa = PBXBuildFile; fileRef = 3FD3152E21D2736C00143981 /* LaunchScreen.storyboard */; };
		3FD3153921D273C700143981 /* SquareViewController.swift in Sources */ = {isa = PBXBuildFile; fileRef = 3FD3153721D273C700143981 /* SquareViewController.swift */; };
		3FD3153A21D273C700143981 /* SquareViewController.xib in Resources */ = {isa = PBXBuildFile; fileRef = 3FD3153821D273C700143981 /* SquareViewController.xib */; };
		3FD3153C21D273E300143981 /* SquareView.swift in Sources */ = {isa = PBXBuildFile; fileRef = 3FD3153B21D273E300143981 /* SquareView.swift */; };
		3FD3154121D2782000143981 /* Position.swift in Sources */ = {isa = PBXBuildFile; fileRef = 3FD3154021D2782000143981 /* Position.swift */; };
/* End PBXBuildFile section */

/* Begin PBXFileReference section */
		3F512B3B21D3685900C14E8F /* UIView+Extensions.swift */ = {isa = PBXFileReference; lastKnownFileType = sourcecode.swift; path = "UIView+Extensions.swift"; sourceTree = "<group>"; };
		3F512B3E21D368C800C14E8F /* F.swift */ = {isa = PBXFileReference; lastKnownFileType = sourcecode.swift; path = F.swift; sourceTree = "<group>"; };
		3F513CEC21D374F300C14E8F /* Optional+Extensions.swift */ = {isa = PBXFileReference; fileEncoding = 4; lastKnownFileType = sourcecode.swift; path = "Optional+Extensions.swift"; sourceTree = "<group>"; };
		3F5D4FBC21D60945003C4326 /* Weak.swift */ = {isa = PBXFileReference; fileEncoding = 4; lastKnownFileType = sourcecode.swift; path = Weak.swift; sourceTree = "<group>"; };
		3F5D4FBD21D60946003C4326 /* Queue.swift */ = {isa = PBXFileReference; fileEncoding = 4; lastKnownFileType = sourcecode.swift; path = Queue.swift; sourceTree = "<group>"; };
		3F5D4FBF21D60946003C4326 /* ObservableObject.Observers.swift */ = {isa = PBXFileReference; fileEncoding = 4; lastKnownFileType = sourcecode.swift; path = ObservableObject.Observers.swift; sourceTree = "<group>"; };
		3F5D4FC021D60946003C4326 /* ObservableObject.swift */ = {isa = PBXFileReference; fileEncoding = 4; lastKnownFileType = sourcecode.swift; path = ObservableObject.swift; sourceTree = "<group>"; };
		3F5D4FC121D60946003C4326 /* ObservableObject.Observer.swift */ = {isa = PBXFileReference; fileEncoding = 4; lastKnownFileType = sourcecode.swift; path = ObservableObject.Observer.swift; sourceTree = "<group>"; };
		3F5D4FC321D60946003C4326 /* CancellableProperty.swift */ = {isa = PBXFileReference; fileEncoding = 4; lastKnownFileType = sourcecode.swift; path = CancellableProperty.swift; sourceTree = "<group>"; };
		3F5D4FC421D60946003C4326 /* CompositCancellableProperty.swift */ = {isa = PBXFileReference; fileEncoding = 4; lastKnownFileType = sourcecode.swift; path = CompositCancellableProperty.swift; sourceTree = "<group>"; };
		3F5D4FC521D60946003C4326 /* AbstractCancellableProperty.swift */ = {isa = PBXFileReference; fileEncoding = 4; lastKnownFileType = sourcecode.swift; path = AbstractCancellableProperty.swift; sourceTree = "<group>"; };
		3F5D4FC621D60946003C4326 /* Atomic.swift */ = {isa = PBXFileReference; fileEncoding = 4; lastKnownFileType = sourcecode.swift; path = Atomic.swift; sourceTree = "<group>"; };
		3F5D4FD221D60A54003C4326 /* Timer+Extensions.swift */ = {isa = PBXFileReference; fileEncoding = 4; lastKnownFileType = sourcecode.swift; path = "Timer+Extensions.swift"; sourceTree = "<group>"; };
		3F5D4FD321D60A54003C4326 /* Strideable+Extensions.swift */ = {isa = PBXFileReference; fileEncoding = 4; lastKnownFileType = sourcecode.swift; path = "Strideable+Extensions.swift"; sourceTree = "<group>"; };
		3F5D4FD421D60A54003C4326 /* DispatchTime+Extensions.swift */ = {isa = PBXFileReference; fileEncoding = 4; lastKnownFileType = sourcecode.swift; path = "DispatchTime+Extensions.swift"; sourceTree = "<group>"; };
		3F5D4FD521D60A54003C4326 /* NSLocking+Extensions.swift */ = {isa = PBXFileReference; fileEncoding = 4; lastKnownFileType = sourcecode.swift; path = "NSLocking+Extensions.swift"; sourceTree = "<group>"; };
		3F5D4FD621D60A54003C4326 /* DispatchQueue+Extensions.swift */ = {isa = PBXFileReference; fileEncoding = 4; lastKnownFileType = sourcecode.swift; path = "DispatchQueue+Extensions.swift"; sourceTree = "<group>"; };
		3F5D4FD721D60A54003C4326 /* RangeReplaceableCollection+Extension.swift */ = {isa = PBXFileReference; fileEncoding = 4; lastKnownFileType = sourcecode.swift; path = "RangeReplaceableCollection+Extension.swift"; sourceTree = "<group>"; };
		3F5D4FDF21D60BF2003C4326 /* Weakifiable.swift */ = {isa = PBXFileReference; fileEncoding = 4; lastKnownFileType = sourcecode.swift; path = Weakifiable.swift; sourceTree = "<group>"; };
		3F5D4FE021D60BF2003C4326 /* Cancellable.swift */ = {isa = PBXFileReference; fileEncoding = 4; lastKnownFileType = sourcecode.swift; path = Cancellable.swift; sourceTree = "<group>"; };
		3F5D4FE321D61BD2003C4326 /* CGRect+Extensions.swift */ = {isa = PBXFileReference; lastKnownFileType = sourcecode.swift; path = "CGRect+Extensions.swift"; sourceTree = "<group>"; };
		3F5D4FE521D62136003C4326 /* RootViewRepresentable.swift */ = {isa = PBXFileReference; lastKnownFileType = sourcecode.swift; path = RootViewRepresentable.swift; sourceTree = "<group>"; };
		3FD3152221D2736B00143981 /* Square.app */ = {isa = PBXFileReference; explicitFileType = wrapper.application; includeInIndex = 0; path = Square.app; sourceTree = BUILT_PRODUCTS_DIR; };
		3FD3152521D2736B00143981 /* AppDelegate.swift */ = {isa = PBXFileReference; lastKnownFileType = sourcecode.swift; path = AppDelegate.swift; sourceTree = "<group>"; };
		3FD3152C21D2736C00143981 /* Assets.xcassets */ = {isa = PBXFileReference; lastKnownFileType = folder.assetcatalog; path = Assets.xcassets; sourceTree = "<group>"; };
		3FD3152F21D2736C00143981 /* Base */ = {isa = PBXFileReference; lastKnownFileType = file.storyboard; name = Base; path = Base.lproj/LaunchScreen.storyboard; sourceTree = "<group>"; };
		3FD3153121D2736C00143981 /* Info.plist */ = {isa = PBXFileReference; lastKnownFileType = text.plist.xml; path = Info.plist; sourceTree = "<group>"; };
		3FD3153721D273C700143981 /* SquareViewController.swift */ = {isa = PBXFileReference; lastKnownFileType = sourcecode.swift; path = SquareViewController.swift; sourceTree = "<group>"; };
		3FD3153821D273C700143981 /* SquareViewController.xib */ = {isa = PBXFileReference; lastKnownFileType = file.xib; path = SquareViewController.xib; sourceTree = "<group>"; };
		3FD3153B21D273E300143981 /* SquareView.swift */ = {isa = PBXFileReference; lastKnownFileType = sourcecode.swift; path = SquareView.swift; sourceTree = "<group>"; };
		3FD3154021D2782000143981 /* Position.swift */ = {isa = PBXFileReference; lastKnownFileType = sourcecode.swift; path = Position.swift; sourceTree = "<group>"; };
/* End PBXFileReference section */

/* Begin PBXFrameworksBuildPhase section */
		3FD3151F21D2736B00143981 /* Frameworks */ = {
			isa = PBXFrameworksBuildPhase;
			buildActionMask = 2147483647;
			files = (
			);
			runOnlyForDeploymentPostprocessing = 0;
		};
/* End PBXFrameworksBuildPhase section */

/* Begin PBXGroup section */
		3F512B3D21D368BC00C14E8F /* Types */ = {
			isa = PBXGroup;
			children = (
				3F512B3E21D368C800C14E8F /* F.swift */,
				3F5D4FC621D60946003C4326 /* Atomic.swift */,
				3F5D4FBD21D60946003C4326 /* Queue.swift */,
				3F5D4FBC21D60945003C4326 /* Weak.swift */,
				3F5D4FC221D60946003C4326 /* CancellableProperty */,
				3F5D4FBE21D60946003C4326 /* ObservableObject */,
			);
			path = Types;
			sourceTree = "<group>";
		};
		3F513CF221D3BDDD00C14E8F /* SquareViewController */ = {
			isa = PBXGroup;
			children = (
				3FD3153721D273C700143981 /* SquareViewController.swift */,
				3FD3153821D273C700143981 /* SquareViewController.xib */,
				3FD3153B21D273E300143981 /* SquareView.swift */,
			);
			path = SquareViewController;
			sourceTree = "<group>";
		};
		3F513CF321D3BE2B00C14E8F /* Models */ = {
			isa = PBXGroup;
			children = (
				3FD3154021D2782000143981 /* Position.swift */,
			);
			path = Models;
			sourceTree = "<group>";
		};
		3F513CF421D3BE4A00C14E8F /* UI */ = {
			isa = PBXGroup;
			children = (
				3F513CF221D3BDDD00C14E8F /* SquareViewController */,
			);
			path = UI;
			sourceTree = "<group>";
		};
		3F5D4FBB21D60733003C4326 /* Lib */ = {
			isa = PBXGroup;
			children = (
				3F5D4FDE21D60B78003C4326 /* Protocols */,
				3F512B3D21D368BC00C14E8F /* Types */,
				3FD3153D21D2751A00143981 /* Extensions */,
			);
			path = Lib;
			sourceTree = "<group>";
		};
		3F5D4FBE21D60946003C4326 /* ObservableObject */ = {
			isa = PBXGroup;
			children = (
				3F5D4FBF21D60946003C4326 /* ObservableObject.Observers.swift */,
				3F5D4FC021D60946003C4326 /* ObservableObject.swift */,
				3F5D4FC121D60946003C4326 /* ObservableObject.Observer.swift */,
			);
			path = ObservableObject;
			sourceTree = "<group>";
		};
		3F5D4FC221D60946003C4326 /* CancellableProperty */ = {
			isa = PBXGroup;
			children = (
				3F5D4FC321D60946003C4326 /* CancellableProperty.swift */,
				3F5D4FC421D60946003C4326 /* CompositCancellableProperty.swift */,
				3F5D4FC521D60946003C4326 /* AbstractCancellableProperty.swift */,
			);
			path = CancellableProperty;
			sourceTree = "<group>";
		};
		3F5D4FD021D609A6003C4326 /* Foundation */ = {
			isa = PBXGroup;
			children = (
				3F5D4FD621D60A54003C4326 /* DispatchQueue+Extensions.swift */,
				3F5D4FD421D60A54003C4326 /* DispatchTime+Extensions.swift */,
				3F5D4FD521D60A54003C4326 /* NSLocking+Extensions.swift */,
				3F5D4FD721D60A54003C4326 /* RangeReplaceableCollection+Extension.swift */,
				3F5D4FD321D60A54003C4326 /* Strideable+Extensions.swift */,
				3F5D4FD221D60A54003C4326 /* Timer+Extensions.swift */,
				3F513CEC21D374F300C14E8F /* Optional+Extensions.swift */,
			);
			path = Foundation;
			sourceTree = "<group>";
		};
		3F5D4FD121D609BC003C4326 /* UIKit */ = {
			isa = PBXGroup;
			children = (
				3F512B3B21D3685900C14E8F /* UIView+Extensions.swift */,
				3F5D4FE321D61BD2003C4326 /* CGRect+Extensions.swift */,
			);
			path = UIKit;
			sourceTree = "<group>";
		};
		3F5D4FDE21D60B78003C4326 /* Protocols */ = {
			isa = PBXGroup;
			children = (
				3F5D4FE021D60BF2003C4326 /* Cancellable.swift */,
				3F5D4FDF21D60BF2003C4326 /* Weakifiable.swift */,
				3F5D4FE521D62136003C4326 /* RootViewRepresentable.swift */,
			);
			path = Protocols;
			sourceTree = "<group>";
		};
		3FD3151921D2736B00143981 = {
			isa = PBXGroup;
			children = (
				3FD3152421D2736B00143981 /* Source */,
				3FD3152321D2736B00143981 /* Products */,
			);
			sourceTree = "<group>";
		};
		3FD3152321D2736B00143981 /* Products */ = {
			isa = PBXGroup;
			children = (
				3FD3152221D2736B00143981 /* Square.app */,
			);
			name = Products;
			sourceTree = "<group>";
		};
		3FD3152421D2736B00143981 /* Source */ = {
			isa = PBXGroup;
			children = (
				3F513CF321D3BE2B00C14E8F /* Models */,
				3F513CF421D3BE4A00C14E8F /* UI */,
				3F5D4FBB21D60733003C4326 /* Lib */,
				3FD3152521D2736B00143981 /* AppDelegate.swift */,
				3FD3152C21D2736C00143981 /* Assets.xcassets */,
				3FD3153121D2736C00143981 /* Info.plist */,
				3FD3152E21D2736C00143981 /* LaunchScreen.storyboard */,
			);
			path = Source;
			sourceTree = "<group>";
		};
		3FD3153D21D2751A00143981 /* Extensions */ = {
			isa = PBXGroup;
			children = (
				3F5D4FD021D609A6003C4326 /* Foundation */,
				3F5D4FD121D609BC003C4326 /* UIKit */,
			);
			path = Extensions;
			sourceTree = "<group>";
		};
/* End PBXGroup section */

/* Begin PBXNativeTarget section */
		3FD3152121D2736B00143981 /* Square */ = {
			isa = PBXNativeTarget;
			buildConfigurationList = 3FD3153421D2736C00143981 /* Build configuration list for PBXNativeTarget "Square" */;
			buildPhases = (
				3FD3151E21D2736B00143981 /* Sources */,
				3FD3151F21D2736B00143981 /* Frameworks */,
				3FD3152021D2736B00143981 /* Resources */,
			);
			buildRules = (
			);
			dependencies = (
			);
			name = Square;
			productName = Square;
			productReference = 3FD3152221D2736B00143981 /* Square.app */;
			productType = "com.apple.product-type.application";
		};
/* End PBXNativeTarget section */

/* Begin PBXProject section */
		3FD3151A21D2736B00143981 /* Project object */ = {
			isa = PBXProject;
			attributes = {
				LastSwiftUpdateCheck = 1000;
				LastUpgradeCheck = 1000;
				ORGANIZATIONNAME = IDAP;
				TargetAttributes = {
					3FD3152121D2736B00143981 = {
						CreatedOnToolsVersion = 10.0;
					};
				};
			};
			buildConfigurationList = 3FD3151D21D2736B00143981 /* Build configuration list for PBXProject "Square" */;
			compatibilityVersion = "Xcode 9.3";
			developmentRegion = en;
			hasScannedForEncodings = 0;
			knownRegions = (
				en,
				Base,
			);
			mainGroup = 3FD3151921D2736B00143981;
			productRefGroup = 3FD3152321D2736B00143981 /* Products */;
			projectDirPath = "";
			projectRoot = "";
			targets = (
				3FD3152121D2736B00143981 /* Square */,
			);
		};
/* End PBXProject section */

/* Begin PBXResourcesBuildPhase section */
		3FD3152021D2736B00143981 /* Resources */ = {
			isa = PBXResourcesBuildPhase;
			buildActionMask = 2147483647;
			files = (
				3FD3153021D2736C00143981 /* LaunchScreen.storyboard in Resources */,
				3FD3152D21D2736C00143981 /* Assets.xcassets in Resources */,
				3FD3153A21D273C700143981 /* SquareViewController.xib in Resources */,
			);
			runOnlyForDeploymentPostprocessing = 0;
		};
/* End PBXResourcesBuildPhase section */

/* Begin PBXSourcesBuildPhase section */
		3FD3151E21D2736B00143981 /* Sources */ = {
			isa = PBXSourcesBuildPhase;
			buildActionMask = 2147483647;
			files = (
				3F512B3F21D368C800C14E8F /* F.swift in Sources */,
				3FD3153C21D273E300143981 /* SquareView.swift in Sources */,
				3F513CED21D374F300C14E8F /* Optional+Extensions.swift in Sources */,
				3FD3152621D2736B00143981 /* AppDelegate.swift in Sources */,
				3F5D4FDB21D60A54003C4326 /* NSLocking+Extensions.swift in Sources */,
				3F5D4FCF21D60946003C4326 /* Atomic.swift in Sources */,
				3F5D4FCB21D60946003C4326 /* ObservableObject.Observer.swift in Sources */,
				3F5D4FCA21D60946003C4326 /* ObservableObject.swift in Sources */,
				3F5D4FCE21D60946003C4326 /* AbstractCancellableProperty.swift in Sources */,
				3F5D4FE421D61BD2003C4326 /* CGRect+Extensions.swift in Sources */,
				3F5D4FDC21D60A54003C4326 /* DispatchQueue+Extensions.swift in Sources */,
				3F5D4FC921D60946003C4326 /* ObservableObject.Observers.swift in Sources */,
				3F5D4FE121D60BF2003C4326 /* Weakifiable.swift in Sources */,
				3F5D4FDA21D60A54003C4326 /* DispatchTime+Extensions.swift in Sources */,
				3F512B3C21D3685900C14E8F /* UIView+Extensions.swift in Sources */,
				3F5D4FCC21D60946003C4326 /* CancellableProperty.swift in Sources */,
				3F5D4FCD21D60946003C4326 /* CompositCancellableProperty.swift in Sources */,
				3F5D4FC721D60946003C4326 /* Weak.swift in Sources */,
				3F5D4FDD21D60A54003C4326 /* RangeReplaceableCollection+Extension.swift in Sources */,
				3F5D4FE221D60BF2003C4326 /* Cancellable.swift in Sources */,
				3F5D4FD821D60A54003C4326 /* Timer+Extensions.swift in Sources */,
				3FD3154121D2782000143981 /* Position.swift in Sources */,
				3F5D4FC821D60946003C4326 /* Queue.swift in Sources */,
				3F5D4FE621D62136003C4326 /* RootViewRepresentable.swift in Sources */,
				3F5D4FD921D60A54003C4326 /* Strideable+Extensions.swift in Sources */,
				3FD3153921D273C700143981 /* SquareViewController.swift in Sources */,
			);
			runOnlyForDeploymentPostprocessing = 0;
		};
/* End PBXSourcesBuildPhase section */

/* Begin PBXVariantGroup section */
		3FD3152E21D2736C00143981 /* LaunchScreen.storyboard */ = {
			isa = PBXVariantGroup;
			children = (
				3FD3152F21D2736C00143981 /* Base */,
			);
			name = LaunchScreen.storyboard;
			sourceTree = "<group>";
		};
/* End PBXVariantGroup section */

/* Begin XCBuildConfiguration section */
		3FD3153221D2736C00143981 /* Debug */ = {
			isa = XCBuildConfiguration;
			buildSettings = {
				ALWAYS_SEARCH_USER_PATHS = NO;
				CLANG_ANALYZER_NONNULL = YES;
				CLANG_ANALYZER_NUMBER_OBJECT_CONVERSION = YES_AGGRESSIVE;
				CLANG_CXX_LANGUAGE_STANDARD = "gnu++14";
				CLANG_CXX_LIBRARY = "libc++";
				CLANG_ENABLE_MODULES = YES;
				CLANG_ENABLE_OBJC_ARC = YES;
				CLANG_ENABLE_OBJC_WEAK = YES;
				CLANG_WARN_BLOCK_CAPTURE_AUTORELEASING = YES;
				CLANG_WARN_BOOL_CONVERSION = YES;
				CLANG_WARN_COMMA = YES;
				CLANG_WARN_CONSTANT_CONVERSION = YES;
				CLANG_WARN_DEPRECATED_OBJC_IMPLEMENTATIONS = YES;
				CLANG_WARN_DIRECT_OBJC_ISA_USAGE = YES_ERROR;
				CLANG_WARN_DOCUMENTATION_COMMENTS = YES;
				CLANG_WARN_EMPTY_BODY = YES;
				CLANG_WARN_ENUM_CONVERSION = YES;
				CLANG_WARN_INFINITE_RECURSION = YES;
				CLANG_WARN_INT_CONVERSION = YES;
				CLANG_WARN_NON_LITERAL_NULL_CONVERSION = YES;
				CLANG_WARN_OBJC_IMPLICIT_RETAIN_SELF = YES;
				CLANG_WARN_OBJC_LITERAL_CONVERSION = YES;
				CLANG_WARN_OBJC_ROOT_CLASS = YES_ERROR;
				CLANG_WARN_RANGE_LOOP_ANALYSIS = YES;
				CLANG_WARN_STRICT_PROTOTYPES = YES;
				CLANG_WARN_SUSPICIOUS_MOVE = YES;
				CLANG_WARN_UNGUARDED_AVAILABILITY = YES_AGGRESSIVE;
				CLANG_WARN_UNREACHABLE_CODE = YES;
				CLANG_WARN__DUPLICATE_METHOD_MATCH = YES;
				CODE_SIGN_IDENTITY = "iPhone Developer";
				COPY_PHASE_STRIP = NO;
				DEBUG_INFORMATION_FORMAT = dwarf;
				ENABLE_STRICT_OBJC_MSGSEND = YES;
				ENABLE_TESTABILITY = YES;
				GCC_C_LANGUAGE_STANDARD = gnu11;
				GCC_DYNAMIC_NO_PIC = NO;
				GCC_NO_COMMON_BLOCKS = YES;
				GCC_OPTIMIZATION_LEVEL = 0;
				GCC_PREPROCESSOR_DEFINITIONS = (
					"DEBUG=1",
					"$(inherited)",
				);
				GCC_WARN_64_TO_32_BIT_CONVERSION = YES;
				GCC_WARN_ABOUT_RETURN_TYPE = YES_ERROR;
				GCC_WARN_UNDECLARED_SELECTOR = YES;
				GCC_WARN_UNINITIALIZED_AUTOS = YES_AGGRESSIVE;
				GCC_WARN_UNUSED_FUNCTION = YES;
				GCC_WARN_UNUSED_VARIABLE = YES;
				IPHONEOS_DEPLOYMENT_TARGET = 12.0;
				MTL_ENABLE_DEBUG_INFO = INCLUDE_SOURCE;
				MTL_FAST_MATH = YES;
				ONLY_ACTIVE_ARCH = YES;
				SDKROOT = iphoneos;
				SWIFT_ACTIVE_COMPILATION_CONDITIONS = DEBUG;
				SWIFT_OPTIMIZATION_LEVEL = "-Onone";
			};
			name = Debug;
		};
		3FD3153321D2736C00143981 /* Release */ = {
			isa = XCBuildConfiguration;
			buildSettings = {
				ALWAYS_SEARCH_USER_PATHS = NO;
				CLANG_ANALYZER_NONNULL = YES;
				CLANG_ANALYZER_NUMBER_OBJECT_CONVERSION = YES_AGGRESSIVE;
				CLANG_CXX_LANGUAGE_STANDARD = "gnu++14";
				CLANG_CXX_LIBRARY = "libc++";
				CLANG_ENABLE_MODULES = YES;
				CLANG_ENABLE_OBJC_ARC = YES;
				CLANG_ENABLE_OBJC_WEAK = YES;
				CLANG_WARN_BLOCK_CAPTURE_AUTORELEASING = YES;
				CLANG_WARN_BOOL_CONVERSION = YES;
				CLANG_WARN_COMMA = YES;
				CLANG_WARN_CONSTANT_CONVERSION = YES;
				CLANG_WARN_DEPRECATED_OBJC_IMPLEMENTATIONS = YES;
				CLANG_WARN_DIRECT_OBJC_ISA_USAGE = YES_ERROR;
				CLANG_WARN_DOCUMENTATION_COMMENTS = YES;
				CLANG_WARN_EMPTY_BODY = YES;
				CLANG_WARN_ENUM_CONVERSION = YES;
				CLANG_WARN_INFINITE_RECURSION = YES;
				CLANG_WARN_INT_CONVERSION = YES;
				CLANG_WARN_NON_LITERAL_NULL_CONVERSION = YES;
				CLANG_WARN_OBJC_IMPLICIT_RETAIN_SELF = YES;
				CLANG_WARN_OBJC_LITERAL_CONVERSION = YES;
				CLANG_WARN_OBJC_ROOT_CLASS = YES_ERROR;
				CLANG_WARN_RANGE_LOOP_ANALYSIS = YES;
				CLANG_WARN_STRICT_PROTOTYPES = YES;
				CLANG_WARN_SUSPICIOUS_MOVE = YES;
				CLANG_WARN_UNGUARDED_AVAILABILITY = YES_AGGRESSIVE;
				CLANG_WARN_UNREACHABLE_CODE = YES;
				CLANG_WARN__DUPLICATE_METHOD_MATCH = YES;
				CODE_SIGN_IDENTITY = "iPhone Developer";
				COPY_PHASE_STRIP = NO;
				DEBUG_INFORMATION_FORMAT = "dwarf-with-dsym";
				ENABLE_NS_ASSERTIONS = NO;
				ENABLE_STRICT_OBJC_MSGSEND = YES;
				GCC_C_LANGUAGE_STANDARD = gnu11;
				GCC_NO_COMMON_BLOCKS = YES;
				GCC_WARN_64_TO_32_BIT_CONVERSION = YES;
				GCC_WARN_ABOUT_RETURN_TYPE = YES_ERROR;
				GCC_WARN_UNDECLARED_SELECTOR = YES;
				GCC_WARN_UNINITIALIZED_AUTOS = YES_AGGRESSIVE;
				GCC_WARN_UNUSED_FUNCTION = YES;
				GCC_WARN_UNUSED_VARIABLE = YES;
				IPHONEOS_DEPLOYMENT_TARGET = 12.0;
				MTL_ENABLE_DEBUG_INFO = NO;
				MTL_FAST_MATH = YES;
				SDKROOT = iphoneos;
				SWIFT_COMPILATION_MODE = wholemodule;
				SWIFT_OPTIMIZATION_LEVEL = "-O";
				VALIDATE_PRODUCT = YES;
			};
			name = Release;
		};
		3FD3153521D2736C00143981 /* Debug */ = {
			isa = XCBuildConfiguration;
			buildSettings = {
				ASSETCATALOG_COMPILER_APPICON_NAME = AppIcon;
				CODE_SIGN_STYLE = Automatic;
				DEVELOPMENT_TEAM = 4A653SGSXC;
				INFOPLIST_FILE = "$(SRCROOT)/Source/Info.plist";
				LD_RUNPATH_SEARCH_PATHS = (
					"$(inherited)",
					"@executable_path/Frameworks",
				);
				PRODUCT_BUNDLE_IDENTIFIER = IDAP.Square;
				PRODUCT_NAME = "$(TARGET_NAME)";
				SWIFT_VERSION = 4.2;
				TARGETED_DEVICE_FAMILY = "1,2";
			};
			name = Debug;
		};
		3FD3153621D2736C00143981 /* Release */ = {
			isa = XCBuildConfiguration;
			buildSettings = {
				ASSETCATALOG_COMPILER_APPICON_NAME = AppIcon;
				CODE_SIGN_STYLE = Automatic;
				DEVELOPMENT_TEAM = 4A653SGSXC;
				INFOPLIST_FILE = "$(SRCROOT)/Source/Info.plist";
				LD_RUNPATH_SEARCH_PATHS = (
					"$(inherited)",
					"@executable_path/Frameworks",
				);
				PRODUCT_BUNDLE_IDENTIFIER = IDAP.Square;
				PRODUCT_NAME = "$(TARGET_NAME)";
				SWIFT_VERSION = 4.2;
				TARGETED_DEVICE_FAMILY = "1,2";
			};
			name = Release;
		};
/* End XCBuildConfiguration section */

/* Begin XCConfigurationList section */
		3FD3151D21D2736B00143981 /* Build configuration list for PBXProject "Square" */ = {
			isa = XCConfigurationList;
			buildConfigurations = (
				3FD3153221D2736C00143981 /* Debug */,
				3FD3153321D2736C00143981 /* Release */,
			);
			defaultConfigurationIsVisible = 0;
			defaultConfigurationName = Release;
		};
		3FD3153421D2736C00143981 /* Build configuration list for PBXNativeTarget "Square" */ = {
			isa = XCConfigurationList;
			buildConfigurations = (
				3FD3153521D2736C00143981 /* Debug */,
				3FD3153621D2736C00143981 /* Release */,
			);
			defaultConfigurationIsVisible = 0;
			defaultConfigurationName = Release;
		};
/* End XCConfigurationList section */
	};
	rootObject = 3FD3151A21D2736B00143981 /* Project object */;
}
